// !$*UTF8*$!
{
	archiveVersion = 1;
	classes = {
	};
	objectVersion = 51;
	objects = {

/* Begin PBXBuildFile section */
		4F2EEEBE66E48F389C5CC45E /* Pods_inAppPurchaseSwiftyDemo.framework in Frameworks */ = {isa = PBXBuildFile; fileRef = 02DC4EE7E6B3A7EF0C4D8C08 /* Pods_inAppPurchaseSwiftyDemo.framework */; };
		9A8E06932318E5F5007FBF9B /* AppDelegate.swift in Sources */ = {isa = PBXBuildFile; fileRef = 9A8E06922318E5F5007FBF9B /* AppDelegate.swift */; };
		9A8E06952318E5F5007FBF9B /* ViewController.swift in Sources */ = {isa = PBXBuildFile; fileRef = 9A8E06942318E5F5007FBF9B /* ViewController.swift */; };
		9A8E06982318E5F5007FBF9B /* Main.storyboard in Resources */ = {isa = PBXBuildFile; fileRef = 9A8E06962318E5F5007FBF9B /* Main.storyboard */; };
		9A8E069A2318E5FC007FBF9B /* Assets.xcassets in Resources */ = {isa = PBXBuildFile; fileRef = 9A8E06992318E5FC007FBF9B /* Assets.xcassets */; };
		9A8E069D2318E5FC007FBF9B /* LaunchScreen.storyboard in Resources */ = {isa = PBXBuildFile; fileRef = 9A8E069B2318E5FC007FBF9B /* LaunchScreen.storyboard */; };
/* End PBXBuildFile section */

/* Begin PBXFileReference section */
		02DC4EE7E6B3A7EF0C4D8C08 /* Pods_inAppPurchaseSwiftyDemo.framework */ = {isa = PBXFileReference; explicitFileType = wrapper.framework; includeInIndex = 0; path = Pods_inAppPurchaseSwiftyDemo.framework; sourceTree = BUILT_PRODUCTS_DIR; };
		69D8B9C253A4657B3C1BBED2 /* Pods-inAppPurchaseSwiftyDemo.debug.xcconfig */ = {isa = PBXFileReference; includeInIndex = 1; lastKnownFileType = text.xcconfig; name = "Pods-inAppPurchaseSwiftyDemo.debug.xcconfig"; path = "Target Support Files/Pods-inAppPurchaseSwiftyDemo/Pods-inAppPurchaseSwiftyDemo.debug.xcconfig"; sourceTree = "<group>"; };
		9A8E068F2318E5F5007FBF9B /* inAppPurchaseSwiftyDemo.app */ = {isa = PBXFileReference; explicitFileType = wrapper.application; includeInIndex = 0; path = inAppPurchaseSwiftyDemo.app; sourceTree = BUILT_PRODUCTS_DIR; };
		9A8E06922318E5F5007FBF9B /* AppDelegate.swift */ = {isa = PBXFileReference; lastKnownFileType = sourcecode.swift; path = AppDelegate.swift; sourceTree = "<group>"; };
		9A8E06942318E5F5007FBF9B /* ViewController.swift */ = {isa = PBXFileReference; lastKnownFileType = sourcecode.swift; path = ViewController.swift; sourceTree = "<group>"; };
		9A8E06972318E5F5007FBF9B /* Base */ = {isa = PBXFileReference; lastKnownFileType = file.storyboard; name = Base; path = Base.lproj/Main.storyboard; sourceTree = "<group>"; };
		9A8E06992318E5FC007FBF9B /* Assets.xcassets */ = {isa = PBXFileReference; lastKnownFileType = folder.assetcatalog; path = Assets.xcassets; sourceTree = "<group>"; };
		9A8E069C2318E5FC007FBF9B /* Base */ = {isa = PBXFileReference; lastKnownFileType = file.storyboard; name = Base; path = Base.lproj/LaunchScreen.storyboard; sourceTree = "<group>"; };
		9A8E069E2318E5FC007FBF9B /* Info.plist */ = {isa = PBXFileReference; lastKnownFileType = text.plist.xml; path = Info.plist; sourceTree = "<group>"; };
		C31ED6BE7758D8DE4EBF2839 /* Pods-inAppPurchaseSwiftyDemo.release.xcconfig */ = {isa = PBXFileReference; includeInIndex = 1; lastKnownFileType = text.xcconfig; name = "Pods-inAppPurchaseSwiftyDemo.release.xcconfig"; path = "Target Support Files/Pods-inAppPurchaseSwiftyDemo/Pods-inAppPurchaseSwiftyDemo.release.xcconfig"; sourceTree = "<group>"; };
/* End PBXFileReference section */

/* Begin PBXFrameworksBuildPhase section */
		9A8E068C2318E5F5007FBF9B /* Frameworks */ = {
			isa = PBXFrameworksBuildPhase;
			buildActionMask = 2147483647;
			files = (
				4F2EEEBE66E48F389C5CC45E /* Pods_inAppPurchaseSwiftyDemo.framework in Frameworks */,
			);
			runOnlyForDeploymentPostprocessing = 0;
		};
/* End PBXFrameworksBuildPhase section */

/* Begin PBXGroup section */
		9A8E06862318E5F5007FBF9B = {
			isa = PBXGroup;
			children = (
				9A8E06912318E5F5007FBF9B /* inAppPurchaseSwiftyDemo */,
				9A8E06902318E5F5007FBF9B /* Products */,
				A469894CE082B374E37235A5 /* Pods */,
				E765E3DFD45E81CBA59F9420 /* Frameworks */,
			);
			sourceTree = "<group>";
		};
		9A8E06902318E5F5007FBF9B /* Products */ = {
			isa = PBXGroup;
			children = (
				9A8E068F2318E5F5007FBF9B /* inAppPurchaseSwiftyDemo.app */,
			);
			name = Products;
			sourceTree = "<group>";
		};
		9A8E06912318E5F5007FBF9B /* inAppPurchaseSwiftyDemo */ = {
			isa = PBXGroup;
			children = (
				9A8E06922318E5F5007FBF9B /* AppDelegate.swift */,
				9A8E06942318E5F5007FBF9B /* ViewController.swift */,
				9A8E06962318E5F5007FBF9B /* Main.storyboard */,
				9A8E06992318E5FC007FBF9B /* Assets.xcassets */,
				9A8E069B2318E5FC007FBF9B /* LaunchScreen.storyboard */,
				9A8E069E2318E5FC007FBF9B /* Info.plist */,
			);
			path = inAppPurchaseSwiftyDemo;
			sourceTree = "<group>";
		};
		A469894CE082B374E37235A5 /* Pods */ = {
			isa = PBXGroup;
			children = (
				69D8B9C253A4657B3C1BBED2 /* Pods-inAppPurchaseSwiftyDemo.debug.xcconfig */,
				C31ED6BE7758D8DE4EBF2839 /* Pods-inAppPurchaseSwiftyDemo.release.xcconfig */,
			);
			path = Pods;
			sourceTree = "<group>";
		};
		E765E3DFD45E81CBA59F9420 /* Frameworks */ = {
			isa = PBXGroup;
			children = (
				02DC4EE7E6B3A7EF0C4D8C08 /* Pods_inAppPurchaseSwiftyDemo.framework */,
			);
			name = Frameworks;
			sourceTree = "<group>";
		};
/* End PBXGroup section */

/* Begin PBXNativeTarget section */
		9A8E068E2318E5F5007FBF9B /* inAppPurchaseSwiftyDemo */ = {
			isa = PBXNativeTarget;
			buildConfigurationList = 9A8E06A12318E5FC007FBF9B /* Build configuration list for PBXNativeTarget "inAppPurchaseSwiftyDemo" */;
			buildPhases = (
				736218614E0A0F7010A97DF3 /* [CP] Check Pods Manifest.lock */,
				9A8E068B2318E5F5007FBF9B /* Sources */,
				9A8E068C2318E5F5007FBF9B /* Frameworks */,
				9A8E068D2318E5F5007FBF9B /* Resources */,
				C79AEB5D94CC7EF0D601DA71 /* [CP] Embed Pods Frameworks */,
			);
			buildRules = (
			);
			dependencies = (
			);
			name = inAppPurchaseSwiftyDemo;
			productName = inAppPurchaseSwiftyDemo;
			productReference = 9A8E068F2318E5F5007FBF9B /* inAppPurchaseSwiftyDemo.app */;
			productType = "com.apple.product-type.application";
		};
/* End PBXNativeTarget section */

/* Begin PBXProject section */
		9A8E06872318E5F5007FBF9B /* Project object */ = {
			isa = PBXProject;
			attributes = {
				LastSwiftUpdateCheck = 1020;
				LastUpgradeCheck = 1020;
				ORGANIZATIONNAME = Immanent;
				TargetAttributes = {
					9A8E068E2318E5F5007FBF9B = {
						CreatedOnToolsVersion = 10.2.1;
					};
				};
			};
			buildConfigurationList = 9A8E068A2318E5F5007FBF9B /* Build configuration list for PBXProject "inAppPurchaseSwiftyDemo" */;
			compatibilityVersion = "Xcode 9.3";
			developmentRegion = en;
			hasScannedForEncodings = 0;
			knownRegions = (
				en,
				Base,
			);
			mainGroup = 9A8E06862318E5F5007FBF9B;
			productRefGroup = 9A8E06902318E5F5007FBF9B /* Products */;
			projectDirPath = "";
			projectRoot = "";
			targets = (
				9A8E068E2318E5F5007FBF9B /* inAppPurchaseSwiftyDemo */,
			);
		};
/* End PBXProject section */

/* Begin PBXResourcesBuildPhase section */
		9A8E068D2318E5F5007FBF9B /* Resources */ = {
			isa = PBXResourcesBuildPhase;
			buildActionMask = 2147483647;
			files = (
				9A8E069D2318E5FC007FBF9B /* LaunchScreen.storyboard in Resources */,
				9A8E069A2318E5FC007FBF9B /* Assets.xcassets in Resources */,
				9A8E06982318E5F5007FBF9B /* Main.storyboard in Resources */,
			);
			runOnlyForDeploymentPostprocessing = 0;
		};
/* End PBXResourcesBuildPhase section */

/* Begin PBXShellScriptBuildPhase section */
		736218614E0A0F7010A97DF3 /* [CP] Check Pods Manifest.lock */ = {
			isa = PBXShellScriptBuildPhase;
			buildActionMask = 2147483647;
			files = (
			);
			inputFileListPaths = (
			);
			inputPaths = (
				"${PODS_PODFILE_DIR_PATH}/Podfile.lock",
				"${PODS_ROOT}/Manifest.lock",
			);
			name = "[CP] Check Pods Manifest.lock";
			outputFileListPaths = (
			);
			outputPaths = (
				"$(DERIVED_FILE_DIR)/Pods-inAppPurchaseSwiftyDemo-checkManifestLockResult.txt",
			);
			runOnlyForDeploymentPostprocessing = 0;
			shellPath = /bin/sh;
			shellScript = "diff \"${PODS_PODFILE_DIR_PATH}/Podfile.lock\" \"${PODS_ROOT}/Manifest.lock\" > /dev/null\nif [ $? != 0 ] ; then\n    # print error to STDERR\n    echo \"error: The sandbox is not in sync with the Podfile.lock. Run 'pod install' or update your CocoaPods installation.\" >&2\n    exit 1\nfi\n# This output is used by Xcode 'outputs' to avoid re-running this script phase.\necho \"SUCCESS\" > \"${SCRIPT_OUTPUT_FILE_0}\"\n";
			showEnvVarsInLog = 0;
		};
		C79AEB5D94CC7EF0D601DA71 /* [CP] Embed Pods Frameworks */ = {
			isa = PBXShellScriptBuildPhase;
			buildActionMask = 2147483647;
			files = (
			);
			inputFileListPaths = (
				"${PODS_ROOT}/Target Support Files/Pods-inAppPurchaseSwiftyDemo/Pods-inAppPurchaseSwiftyDemo-frameworks-${CONFIGURATION}-input-files.xcfilelist",
			);
			name = "[CP] Embed Pods Frameworks";
			outputFileListPaths = (
				"${PODS_ROOT}/Target Support Files/Pods-inAppPurchaseSwiftyDemo/Pods-inAppPurchaseSwiftyDemo-frameworks-${CONFIGURATION}-output-files.xcfilelist",
			);
			runOnlyForDeploymentPostprocessing = 0;
			shellPath = /bin/sh;
			shellScript = "\"${PODS_ROOT}/Target Support Files/Pods-inAppPurchaseSwiftyDemo/Pods-inAppPurchaseSwiftyDemo-frameworks.sh\"\n";
			showEnvVarsInLog = 0;
		};
/* End PBXShellScriptBuildPhase section */

/* Begin PBXSourcesBuildPhase section */
		9A8E068B2318E5F5007FBF9B /* Sources */ = {
			isa = PBXSourcesBuildPhase;
			buildActionMask = 2147483647;
			files = (
				9A8E06952318E5F5007FBF9B /* ViewController.swift in Sources */,
				9A8E06932318E5F5007FBF9B /* AppDelegate.swift in Sources */,
			);
			runOnlyForDeploymentPostprocessing = 0;
		};
/* End PBXSourcesBuildPhase section */

/* Begin PBXVariantGroup section */
		9A8E06962318E5F5007FBF9B /* Main.storyboard */ = {
			isa = PBXVariantGroup;
			children = (
				9A8E06972318E5F5007FBF9B /* Base */,
			);
			name = Main.storyboard;
			sourceTree = "<group>";
		};
		9A8E069B2318E5FC007FBF9B /* LaunchScreen.storyboard */ = {
			isa = PBXVariantGroup;
			children = (
				9A8E069C2318E5FC007FBF9B /* Base */,
			);
			name = LaunchScreen.storyboard;
			sourceTree = "<group>";
		};
/* End PBXVariantGroup section */

/* Begin XCBuildConfiguration section */
		9A8E069F2318E5FC007FBF9B /* Debug */ = {
			isa = XCBuildConfiguration;
			buildSettings = {
				ALWAYS_SEARCH_USER_PATHS = NO;
				CLANG_ANALYZER_NONNULL = YES;
				CLANG_ANALYZER_NUMBER_OBJECT_CONVERSION = YES_AGGRESSIVE;
				CLANG_CXX_LANGUAGE_STANDARD = "gnu++14";
				CLANG_CXX_LIBRARY = "libc++";
				CLANG_ENABLE_MODULES = YES;
				CLANG_ENABLE_OBJC_ARC = YES;
				CLANG_ENABLE_OBJC_WEAK = YES;
				CLANG_WARN_BLOCK_CAPTURE_AUTORELEASING = YES;
				CLANG_WARN_BOOL_CONVERSION = YES;
				CLANG_WARN_COMMA = YES;
				CLANG_WARN_CONSTANT_CONVERSION = YES;
				CLANG_WARN_DEPRECATED_OBJC_IMPLEMENTATIONS = YES;
				CLANG_WARN_DIRECT_OBJC_ISA_USAGE = YES_ERROR;
				CLANG_WARN_DOCUMENTATION_COMMENTS = YES;
				CLANG_WARN_EMPTY_BODY = YES;
				CLANG_WARN_ENUM_CONVERSION = YES;
				CLANG_WARN_INFINITE_RECURSION = YES;
				CLANG_WARN_INT_CONVERSION = YES;
				CLANG_WARN_NON_LITERAL_NULL_CONVERSION = YES;
				CLANG_WARN_OBJC_IMPLICIT_RETAIN_SELF = YES;
				CLANG_WARN_OBJC_LITERAL_CONVERSION = YES;
				CLANG_WARN_OBJC_ROOT_CLASS = YES_ERROR;
				CLANG_WARN_RANGE_LOOP_ANALYSIS = YES;
				CLANG_WARN_STRICT_PROTOTYPES = YES;
				CLANG_WARN_SUSPICIOUS_MOVE = YES;
				CLANG_WARN_UNGUARDED_AVAILABILITY = YES_AGGRESSIVE;
				CLANG_WARN_UNREACHABLE_CODE = YES;
				CLANG_WARN__DUPLICATE_METHOD_MATCH = YES;
				CODE_SIGN_IDENTITY = "iPhone Developer";
				COPY_PHASE_STRIP = NO;
				DEBUG_INFORMATION_FORMAT = dwarf;
				ENABLE_STRICT_OBJC_MSGSEND = YES;
				ENABLE_TESTABILITY = YES;
				GCC_C_LANGUAGE_STANDARD = gnu11;
				GCC_DYNAMIC_NO_PIC = NO;
				GCC_NO_COMMON_BLOCKS = YES;
				GCC_OPTIMIZATION_LEVEL = 0;
				GCC_PREPROCESSOR_DEFINITIONS = (
					"DEBUG=1",
					"$(inherited)",
				);
				GCC_WARN_64_TO_32_BIT_CONVERSION = YES;
				GCC_WARN_ABOUT_RETURN_TYPE = YES_ERROR;
				GCC_WARN_UNDECLARED_SELECTOR = YES;
				GCC_WARN_UNINITIALIZED_AUTOS = YES_AGGRESSIVE;
				GCC_WARN_UNUSED_FUNCTION = YES;
				GCC_WARN_UNUSED_VARIABLE = YES;
				IPHONEOS_DEPLOYMENT_TARGET = 12.2;
				MTL_ENABLE_DEBUG_INFO = INCLUDE_SOURCE;
				MTL_FAST_MATH = YES;
				ONLY_ACTIVE_ARCH = YES;
				SDKROOT = iphoneos;
				SWIFT_ACTIVE_COMPILATION_CONDITIONS = DEBUG;
				SWIFT_OPTIMIZATION_LEVEL = "-Onone";
			};
			name = Debug;
		};
		9A8E06A02318E5FC007FBF9B /* Release */ = {
			isa = XCBuildConfiguration;
			buildSettings = {
				ALWAYS_SEARCH_USER_PATHS = NO;
				CLANG_ANALYZER_NONNULL = YES;
				CLANG_ANALYZER_NUMBER_OBJECT_CONVERSION = YES_AGGRESSIVE;
				CLANG_CXX_LANGUAGE_STANDARD = "gnu++14";
				CLANG_CXX_LIBRARY = "libc++";
				CLANG_ENABLE_MODULES = YES;
				CLANG_ENABLE_OBJC_ARC = YES;
				CLANG_ENABLE_OBJC_WEAK = YES;
				CLANG_WARN_BLOCK_CAPTURE_AUTORELEASING = YES;
				CLANG_WARN_BOOL_CONVERSION = YES;
				CLANG_WARN_COMMA = YES;
				CLANG_WARN_CONSTANT_CONVERSION = YES;
				CLANG_WARN_DEPRECATED_OBJC_IMPLEMENTATIONS = YES;
				CLANG_WARN_DIRECT_OBJC_ISA_USAGE = YES_ERROR;
				CLANG_WARN_DOCUMENTATION_COMMENTS = YES;
				CLANG_WARN_EMPTY_BODY = YES;
				CLANG_WARN_ENUM_CONVERSION = YES;
				CLANG_WARN_INFINITE_RECURSION = YES;
				CLANG_WARN_INT_CONVERSION = YES;
				CLANG_WARN_NON_LITERAL_NULL_CONVERSION = YES;
				CLANG_WARN_OBJC_IMPLICIT_RETAIN_SELF = YES;
				CLANG_WARN_OBJC_LITERAL_CONVERSION = YES;
				CLANG_WARN_OBJC_ROOT_CLASS = YES_ERROR;
				CLANG_WARN_RANGE_LOOP_ANALYSIS = YES;
				CLANG_WARN_STRICT_PROTOTYPES = YES;
				CLANG_WARN_SUSPICIOUS_MOVE = YES;
				CLANG_WARN_UNGUARDED_AVAILABILITY = YES_AGGRESSIVE;
				CLANG_WARN_UNREACHABLE_CODE = YES;
				CLANG_WARN__DUPLICATE_METHOD_MATCH = YES;
				CODE_SIGN_IDENTITY = "iPhone Developer";
				COPY_PHASE_STRIP = NO;
				DEBUG_INFORMATION_FORMAT = "dwarf-with-dsym";
				ENABLE_NS_ASSERTIONS = NO;
				ENABLE_STRICT_OBJC_MSGSEND = YES;
				GCC_C_LANGUAGE_STANDARD = gnu11;
				GCC_NO_COMMON_BLOCKS = YES;
				GCC_WARN_64_TO_32_BIT_CONVERSION = YES;
				GCC_WARN_ABOUT_RETURN_TYPE = YES_ERROR;
				GCC_WARN_UNDECLARED_SELECTOR = YES;
				GCC_WARN_UNINITIALIZED_AUTOS = YES_AGGRESSIVE;
				GCC_WARN_UNUSED_FUNCTION = YES;
				GCC_WARN_UNUSED_VARIABLE = YES;
				IPHONEOS_DEPLOYMENT_TARGET = 12.2;
				MTL_ENABLE_DEBUG_INFO = NO;
				MTL_FAST_MATH = YES;
				SDKROOT = iphoneos;
				SWIFT_COMPILATION_MODE = wholemodule;
				SWIFT_OPTIMIZATION_LEVEL = "-O";
				VALIDATE_PRODUCT = YES;
			};
			name = Release;
		};
		9A8E06A22318E5FC007FBF9B /* Debug */ = {
			isa = XCBuildConfiguration;
			baseConfigurationReference = 69D8B9C253A4657B3C1BBED2 /* Pods-inAppPurchaseSwiftyDemo.debug.xcconfig */;
			buildSettings = {
				ASSETCATALOG_COMPILER_APPICON_NAME = AppIcon;
				CODE_SIGN_STYLE = Manual;
				DEVELOPMENT_TEAM = QD4PZSUKHP;
				INFOPLIST_FILE = inAppPurchaseSwiftyDemo/Info.plist;
				LD_RUNPATH_SEARCH_PATHS = (
					"$(inherited)",
					"@executable_path/Frameworks",
				);
				PRODUCT_BUNDLE_IDENTIFIER = com.yogavivo;
				PRODUCT_NAME = "$(TARGET_NAME)";
				PROVISIONING_PROFILE_SPECIFIER = Yoga_dev;
				SWIFT_VERSION = 5.0;
				TARGETED_DEVICE_FAMILY = "1,2";
			};
			name = Debug;
		};
		9A8E06A32318E5FC007FBF9B /* Release */ = {
			isa = XCBuildConfiguration;
			baseConfigurationReference = C31ED6BE7758D8DE4EBF2839 /* Pods-inAppPurchaseSwiftyDemo.release.xcconfig */;
			buildSettings = {
				ASSETCATALOG_COMPILER_APPICON_NAME = AppIcon;
				CODE_SIGN_STYLE = Manual;
				DEVELOPMENT_TEAM = QD4PZSUKHP;
				INFOPLIST_FILE = inAppPurchaseSwiftyDemo/Info.plist;
				LD_RUNPATH_SEARCH_PATHS = (
					"$(inherited)",
					"@executable_path/Frameworks",
				);
				PRODUCT_BUNDLE_IDENTIFIER = com.yogavivo;
				PRODUCT_NAME = "$(TARGET_NAME)";
				PROVISIONING_PROFILE_SPECIFIER = Yoga_dev;
				SWIFT_VERSION = 5.0;
				TARGETED_DEVICE_FAMILY = "1,2";
			};
			name = Release;
		};
/* End XCBuildConfiguration section */

/* Begin XCConfigurationList section */
		9A8E068A2318E5F5007FBF9B /* Build configuration list for PBXProject "inAppPurchaseSwiftyDemo" */ = {
			isa = XCConfigurationList;
			buildConfigurations = (
				9A8E069F2318E5FC007FBF9B /* Debug */,
				9A8E06A02318E5FC007FBF9B /* Release */,
			);
			defaultConfigurationIsVisible = 0;
			defaultConfigurationName = Release;
		};
		9A8E06A12318E5FC007FBF9B /* Build configuration list for PBXNativeTarget "inAppPurchaseSwiftyDemo" */ = {
			isa = XCConfigurationList;
			buildConfigurations = (
				9A8E06A22318E5FC007FBF9B /* Debug */,
				9A8E06A32318E5FC007FBF9B /* Release */,
			);
			defaultConfigurationIsVisible = 0;
			defaultConfigurationName = Release;
		};
/* End XCConfigurationList section */
	};
	rootObject = 9A8E06872318E5F5007FBF9B /* Project object */;
}
